
Microsoft Visual Studio Solution File, Format Version 12.00
# Visual Studio Version 17
VisualStudioVersion = 17.9.34728.123
MinimumVisualStudioVersion = 10.0.40219.1
Project("{FAE04EC0-301F-11D3-BF4B-00C04F79EFBC}") = "TP_Calculatrice", "TP_Calculatrice\TP_Calculatrice.csproj", "{FC75A34C-2C01-4E57-9548-13A87EB83952}"
EndProject
Global
	GlobalSection(SolutionConfigurationPlatforms) = preSolution
		Debug|Any CPU = Debug|Any CPU
		Release|Any CPU = Release|Any CPU
	EndGlobalSection
	GlobalSection(ProjectConfigurationPlatforms) = postSolution
		{FC75A34C-2C01-4E57-9548-13A87EB83952}.Debug|Any CPU.ActiveCfg = Debug|Any CPU
		{FC75A34C-2C01-4E57-9548-13A87EB83952}.Debug|Any CPU.Build.0 = Debug|Any CPU
		{FC75A34C-2C01-4E57-9548-13A87EB83952}.Release|Any CPU.ActiveCfg = Release|Any CPU
		{FC75A34C-2C01-4E57-9548-13A87EB83952}.Release|Any CPU.Build.0 = Release|Any CPU
	EndGlobalSection
	GlobalSection(SolutionProperties) = preSolution
		HideSolutionNode = FALSE
	EndGlobalSection
	GlobalSection(ExtensibilityGlobals) = postSolution
		SolutionGuid = {DF666EB1-2DD9-488B-87AA-BA502A01D1FE}
	EndGlobalSection
EndGlobal
